
Microsoft Visual Studio Solution File, Format Version 12.00
# Visual Studio Version 16
VisualStudioVersion = 16.0.31205.134
MinimumVisualStudioVersion = 10.0.40219.1
Project("{FAE04EC0-301F-11D3-BF4B-00C04F79EFBC}") = "TopAutos", "TopAutos.csproj", "{E79058FD-2F88-4DF5-9EA8-E1FBBF53D2BB}"
EndProject
Global
	GlobalSection(SolutionConfigurationPlatforms) = preSolution
		Debug|Any CPU = Debug|Any CPU
		Release|Any CPU = Release|Any CPU
	EndGlobalSection
	GlobalSection(ProjectConfigurationPlatforms) = postSolution
		{E79058FD-2F88-4DF5-9EA8-E1FBBF53D2BB}.Debug|Any CPU.ActiveCfg = Debug|Any CPU
		{E79058FD-2F88-4DF5-9EA8-E1FBBF53D2BB}.Debug|Any CPU.Build.0 = Debug|Any CPU
		{E79058FD-2F88-4DF5-9EA8-E1FBBF53D2BB}.Release|Any CPU.ActiveCfg = Release|Any CPU
		{E79058FD-2F88-4DF5-9EA8-E1FBBF53D2BB}.Release|Any CPU.Build.0 = Release|Any CPU
	EndGlobalSection
	GlobalSection(SolutionProperties) = preSolution
		HideSolutionNode = FALSE
	EndGlobalSection
	GlobalSection(ExtensibilityGlobals) = postSolution
		SolutionGuid = {90F4FBEF-8429-4662-8F97-8DF718C4CCD0}
	EndGlobalSection
EndGlobal
